
Microsoft Visual Studio Solution File, Format Version 12.00
# Visual Studio Version 16
VisualStudioVersion = 16.0.29905.134
MinimumVisualStudioVersion = 10.0.40219.1
Project("{9A19103F-16F7-4668-BE54-9A1E7A4F7556}") = "PxApiTest", ".\PxApiTest\PxApiTest.csproj", "{FC18E2B7-EAB2-4BE4-9EDD-3EE0D085F9EC}"
EndProject
Project("{9A19103F-16F7-4668-BE54-9A1E7A4F7556}") = "DbSource", ".\DbSource\DbSource.csproj", "{450731FA-F231-499B-BA61-746A83996310}"
EndProject
Project("{FAE04EC0-301F-11D3-BF4B-00C04F79EFBC}") = "PxDatasource", ".\PxDatasource\PxDatasource.csproj", "{B74912F6-FC0F-4934-8447-8CE09BF4F6EA}"
EndProject
Global
	GlobalSection(SolutionConfigurationPlatforms) = preSolution
		Debug|Any CPU = Debug|Any CPU
		Release|Any CPU = Release|Any CPU
	EndGlobalSection
	GlobalSection(ProjectConfigurationPlatforms) = postSolution
		{FC18E2B7-EAB2-4BE4-9EDD-3EE0D085F9EC}.Debug|Any CPU.ActiveCfg = Debug|Any CPU
		{FC18E2B7-EAB2-4BE4-9EDD-3EE0D085F9EC}.Debug|Any CPU.Build.0 = Debug|Any CPU
		{FC18E2B7-EAB2-4BE4-9EDD-3EE0D085F9EC}.Release|Any CPU.ActiveCfg = Release|Any CPU
		{FC18E2B7-EAB2-4BE4-9EDD-3EE0D085F9EC}.Release|Any CPU.Build.0 = Release|Any CPU
		{450731FA-F231-499B-BA61-746A83996310}.Debug|Any CPU.ActiveCfg = Debug|Any CPU
		{450731FA-F231-499B-BA61-746A83996310}.Debug|Any CPU.Build.0 = Debug|Any CPU
		{450731FA-F231-499B-BA61-746A83996310}.Release|Any CPU.ActiveCfg = Release|Any CPU
		{450731FA-F231-499B-BA61-746A83996310}.Release|Any CPU.Build.0 = Release|Any CPU
		{B74912F6-FC0F-4934-8447-8CE09BF4F6EA}.Debug|Any CPU.ActiveCfg = Debug|Any CPU
		{B74912F6-FC0F-4934-8447-8CE09BF4F6EA}.Debug|Any CPU.Build.0 = Debug|Any CPU
		{B74912F6-FC0F-4934-8447-8CE09BF4F6EA}.Release|Any CPU.ActiveCfg = Release|Any CPU
		{B74912F6-FC0F-4934-8447-8CE09BF4F6EA}.Release|Any CPU.Build.0 = Release|Any CPU
	EndGlobalSection
	GlobalSection(SolutionProperties) = preSolution
		HideSolutionNode = FALSE
	EndGlobalSection
	GlobalSection(ExtensibilityGlobals) = postSolution
		SolutionGuid = {E7AF6AEE-DC2D-400C-9677-DBEC815BF176}
	EndGlobalSection
EndGlobal
